
Microsoft Visual Studio Solution File, Format Version 12.00
# Visual Studio 15
VisualStudioVersion = 15.0.27428.2037
MinimumVisualStudioVersion = 10.0.40219.1
Project("{888888A0-9F3D-457C-B088-3A5042F75D52}") = "q1", "q1\q1.pyproj", "{E6445C28-E4A3-4175-8B9F-2C4D6D0E01BE}"
EndProject
Project("{00D1A9C2-B5F0-4AF3-8072-F6C62B433612}") = "q2", "q2\q2.sqlproj", "{BDEBCBBF-B332-42D5-B9BB-751635226C26}"
EndProject
Project("{888888A0-9F3D-457C-B088-3A5042F75D52}") = "q3", "q3\q3.pyproj", "{7AA1AA0F-7BA4-4E6F-8976-ACF50CCA9418}"
EndProject
Global
	GlobalSection(SolutionConfigurationPlatforms) = preSolution
		Debug|Any CPU = Debug|Any CPU
		Release|Any CPU = Release|Any CPU
	EndGlobalSection
	GlobalSection(ProjectConfigurationPlatforms) = postSolution
		{E6445C28-E4A3-4175-8B9F-2C4D6D0E01BE}.Debug|Any CPU.ActiveCfg = Debug|Any CPU
		{E6445C28-E4A3-4175-8B9F-2C4D6D0E01BE}.Release|Any CPU.ActiveCfg = Release|Any CPU
		{BDEBCBBF-B332-42D5-B9BB-751635226C26}.Debug|Any CPU.ActiveCfg = Debug|Any CPU
		{BDEBCBBF-B332-42D5-B9BB-751635226C26}.Release|Any CPU.ActiveCfg = Release|Any CPU
		{BDEBCBBF-B332-42D5-B9BB-751635226C26}.Release|Any CPU.Build.0 = Release|Any CPU
		{BDEBCBBF-B332-42D5-B9BB-751635226C26}.Release|Any CPU.Deploy.0 = Release|Any CPU
		{7AA1AA0F-7BA4-4E6F-8976-ACF50CCA9418}.Debug|Any CPU.ActiveCfg = Debug|Any CPU
		{7AA1AA0F-7BA4-4E6F-8976-ACF50CCA9418}.Release|Any CPU.ActiveCfg = Release|Any CPU
	EndGlobalSection
	GlobalSection(SolutionProperties) = preSolution
		HideSolutionNode = FALSE
	EndGlobalSection
	GlobalSection(ExtensibilityGlobals) = postSolution
		SolutionGuid = {53F573F6-18E2-4F9F-85F5-6F6B846A1DC9}
	EndGlobalSection
	GlobalSection(TeamFoundationVersionControl) = preSolution
		SccNumberOfProjects = 4
		SccEnterpriseProvider = {4CA58AB2-18FA-4F8D-95D4-32DDF27D184C}
		SccTeamFoundationServer = https://rgekhman.visualstudio.com/
		SccLocalPath0 = .
		SccProjectUniqueName1 = q1\\q1.pyproj
		SccProjectName1 = q1
		SccLocalPath1 = q1
		SccProjectUniqueName2 = q2\\q2.sqlproj
		SccProjectName2 = q2
		SccLocalPath2 = q2
		SccProjectUniqueName3 = q3\\q3.pyproj
		SccProjectName3 = q3
		SccLocalPath3 = q3
	EndGlobalSection
EndGlobal
