
Microsoft Visual Studio Solution File, Format Version 12.00
# Visual Studio 15
VisualStudioVersion = 15.0.28010.2046
MinimumVisualStudioVersion = 10.0.40219.1
Project("{FAE04EC0-301F-11D3-BF4B-00C04F79EFBC}") = "2T", "2T.csproj", "{3F8601D0-C2D4-4D20-BFB2-6F84A6EB000C}"
EndProject
Project("{888888A0-9F3D-457C-B088-3A5042F75D52}") = "import_data", "..\import_data\import_data.pyproj", "{C35ABBA6-2C57-40F9-A419-AF885F5E880C}"
EndProject
Project("{2150E333-8FDC-42A3-9474-1A3956D46DE8}") = "docs", "docs", "{04386116-5F5D-4C4A-887C-2535CBA6B190}"
	ProjectSection(SolutionItems) = preProject
		TextFile1.txt = TextFile1.txt
	EndProjectSection
EndProject
Global
	GlobalSection(SolutionConfigurationPlatforms) = preSolution
		Debug|Any CPU = Debug|Any CPU
		Release|Any CPU = Release|Any CPU
	EndGlobalSection
	GlobalSection(ProjectConfigurationPlatforms) = postSolution
		{3F8601D0-C2D4-4D20-BFB2-6F84A6EB000C}.Debug|Any CPU.ActiveCfg = Debug|Any CPU
		{3F8601D0-C2D4-4D20-BFB2-6F84A6EB000C}.Debug|Any CPU.Build.0 = Debug|Any CPU
		{3F8601D0-C2D4-4D20-BFB2-6F84A6EB000C}.Release|Any CPU.ActiveCfg = Release|Any CPU
		{3F8601D0-C2D4-4D20-BFB2-6F84A6EB000C}.Release|Any CPU.Build.0 = Release|Any CPU
		{C35ABBA6-2C57-40F9-A419-AF885F5E880C}.Debug|Any CPU.ActiveCfg = Debug|Any CPU
		{C35ABBA6-2C57-40F9-A419-AF885F5E880C}.Release|Any CPU.ActiveCfg = Release|Any CPU
	EndGlobalSection
	GlobalSection(SolutionProperties) = preSolution
		HideSolutionNode = FALSE
	EndGlobalSection
	GlobalSection(ExtensibilityGlobals) = postSolution
		SolutionGuid = {1260A4FE-F839-4ECB-AEE4-7A90FEC19EE4}
	EndGlobalSection
	GlobalSection(TeamFoundationVersionControl) = preSolution
		SccNumberOfProjects = 3
		SccEnterpriseProvider = {4CA58AB2-18FA-4F8D-95D4-32DDF27D184C}
		SccTeamFoundationServer = https://rgekhman.visualstudio.com/
		SccLocalPath0 = .
		SccProjectUniqueName1 = 2T.csproj
		SccLocalPath1 = .
		SccProjectUniqueName2 = ..\\import_data\\import_data.pyproj
		SccProjectName2 = ../import_data
		SccLocalPath2 = ..\\import_data
	EndGlobalSection
EndGlobal
